
Microsoft Visual Studio Solution File, Format Version 12.00
# Visual Studio Version 17
VisualStudioVersion = 17.8.34525.116
MinimumVisualStudioVersion = 10.0.40219.1
Project("{9A19103F-16F7-4668-BE54-9A1E7A4F7556}") = "TeamForge.WebApi", "TeamForge.WebApi\TeamForge.WebApi.csproj", "{8CA97D38-ECF8-4D97-AECE-AD44CD944730}"
	ProjectSection(ProjectDependencies) = postProject
		{07E290C7-41EF-4F20-A4FE-73C3FB27F040} = {07E290C7-41EF-4F20-A4FE-73C3FB27F040}
		{420E5439-676E-4D10-A92E-982A0ACA62E2} = {420E5439-676E-4D10-A92E-982A0ACA62E2}
		{7B45578E-04E7-4336-BB5F-62EA1B64ECDA} = {7B45578E-04E7-4336-BB5F-62EA1B64ECDA}
		{84C22F88-62E1-49F5-A597-88584AC8AE0D} = {84C22F88-62E1-49F5-A597-88584AC8AE0D}
		{95358E96-C6C4-4CBC-98D2-9DED24CDB6F8} = {95358E96-C6C4-4CBC-98D2-9DED24CDB6F8}
		{AEA35B47-0356-47EA-A4F2-2056B0E2AA9A} = {AEA35B47-0356-47EA-A4F2-2056B0E2AA9A}
		{BB92DB9E-7393-4A2E-95C0-C6006CBA2A5A} = {BB92DB9E-7393-4A2E-95C0-C6006CBA2A5A}
		{E6D5225C-ED73-4275-B325-4C57536DAA84} = {E6D5225C-ED73-4275-B325-4C57536DAA84}
	EndProjectSection
EndProject
Project("{9A19103F-16F7-4668-BE54-9A1E7A4F7556}") = "TeamForge.Common", "TeamForge.Common\TeamForge.Common.csproj", "{84C22F88-62E1-49F5-A597-88584AC8AE0D}"
EndProject
Project("{9A19103F-16F7-4668-BE54-9A1E7A4F7556}") = "TeamForge.DAL", "TeamForge.DAL\TeamForge.DAL.csproj", "{07E290C7-41EF-4F20-A4FE-73C3FB27F040}"
	ProjectSection(ProjectDependencies) = postProject
		{84C22F88-62E1-49F5-A597-88584AC8AE0D} = {84C22F88-62E1-49F5-A597-88584AC8AE0D}
	EndProjectSection
EndProject
Project("{9A19103F-16F7-4668-BE54-9A1E7A4F7556}") = "TeamForge.Model", "TeamForge.Model\TeamForge.Model.csproj", "{95358E96-C6C4-4CBC-98D2-9DED24CDB6F8}"
	ProjectSection(ProjectDependencies) = postProject
		{07E290C7-41EF-4F20-A4FE-73C3FB27F040} = {07E290C7-41EF-4F20-A4FE-73C3FB27F040}
		{84C22F88-62E1-49F5-A597-88584AC8AE0D} = {84C22F88-62E1-49F5-A597-88584AC8AE0D}
		{BB92DB9E-7393-4A2E-95C0-C6006CBA2A5A} = {BB92DB9E-7393-4A2E-95C0-C6006CBA2A5A}
	EndProjectSection
EndProject
Project("{9A19103F-16F7-4668-BE54-9A1E7A4F7556}") = "TeamForge.Model.Common", "TeamForge.Model.Common\TeamForge.Model.Common.csproj", "{BB92DB9E-7393-4A2E-95C0-C6006CBA2A5A}"
	ProjectSection(ProjectDependencies) = postProject
		{07E290C7-41EF-4F20-A4FE-73C3FB27F040} = {07E290C7-41EF-4F20-A4FE-73C3FB27F040}
		{84C22F88-62E1-49F5-A597-88584AC8AE0D} = {84C22F88-62E1-49F5-A597-88584AC8AE0D}
	EndProjectSection
EndProject
Project("{9A19103F-16F7-4668-BE54-9A1E7A4F7556}") = "TeamForge.Repository", "TeamForge.Repository\TeamForge.Repository.csproj", "{420E5439-676E-4D10-A92E-982A0ACA62E2}"
	ProjectSection(ProjectDependencies) = postProject
		{07E290C7-41EF-4F20-A4FE-73C3FB27F040} = {07E290C7-41EF-4F20-A4FE-73C3FB27F040}
		{7B45578E-04E7-4336-BB5F-62EA1B64ECDA} = {7B45578E-04E7-4336-BB5F-62EA1B64ECDA}
		{84C22F88-62E1-49F5-A597-88584AC8AE0D} = {84C22F88-62E1-49F5-A597-88584AC8AE0D}
		{95358E96-C6C4-4CBC-98D2-9DED24CDB6F8} = {95358E96-C6C4-4CBC-98D2-9DED24CDB6F8}
		{BB92DB9E-7393-4A2E-95C0-C6006CBA2A5A} = {BB92DB9E-7393-4A2E-95C0-C6006CBA2A5A}
	EndProjectSection
EndProject
Project("{9A19103F-16F7-4668-BE54-9A1E7A4F7556}") = "TeamForge.Repository.Common", "TeamForge.Repository.Common\TeamForge.Repository.Common.csproj", "{7B45578E-04E7-4336-BB5F-62EA1B64ECDA}"
	ProjectSection(ProjectDependencies) = postProject
		{07E290C7-41EF-4F20-A4FE-73C3FB27F040} = {07E290C7-41EF-4F20-A4FE-73C3FB27F040}
		{84C22F88-62E1-49F5-A597-88584AC8AE0D} = {84C22F88-62E1-49F5-A597-88584AC8AE0D}
		{95358E96-C6C4-4CBC-98D2-9DED24CDB6F8} = {95358E96-C6C4-4CBC-98D2-9DED24CDB6F8}
		{BB92DB9E-7393-4A2E-95C0-C6006CBA2A5A} = {BB92DB9E-7393-4A2E-95C0-C6006CBA2A5A}
	EndProjectSection
EndProject
Project("{9A19103F-16F7-4668-BE54-9A1E7A4F7556}") = "TeamForge.Service", "TeamForge.Service\TeamForge.Service.csproj", "{AEA35B47-0356-47EA-A4F2-2056B0E2AA9A}"
	ProjectSection(ProjectDependencies) = postProject
		{07E290C7-41EF-4F20-A4FE-73C3FB27F040} = {07E290C7-41EF-4F20-A4FE-73C3FB27F040}
		{420E5439-676E-4D10-A92E-982A0ACA62E2} = {420E5439-676E-4D10-A92E-982A0ACA62E2}
		{7B45578E-04E7-4336-BB5F-62EA1B64ECDA} = {7B45578E-04E7-4336-BB5F-62EA1B64ECDA}
		{84C22F88-62E1-49F5-A597-88584AC8AE0D} = {84C22F88-62E1-49F5-A597-88584AC8AE0D}
		{95358E96-C6C4-4CBC-98D2-9DED24CDB6F8} = {95358E96-C6C4-4CBC-98D2-9DED24CDB6F8}
		{BB92DB9E-7393-4A2E-95C0-C6006CBA2A5A} = {BB92DB9E-7393-4A2E-95C0-C6006CBA2A5A}
		{E6D5225C-ED73-4275-B325-4C57536DAA84} = {E6D5225C-ED73-4275-B325-4C57536DAA84}
	EndProjectSection
EndProject
Project("{9A19103F-16F7-4668-BE54-9A1E7A4F7556}") = "TeamForge.Service.Common", "TeamForge.Service.Common\TeamForge.Service.Common.csproj", "{E6D5225C-ED73-4275-B325-4C57536DAA84}"
	ProjectSection(ProjectDependencies) = postProject
		{07E290C7-41EF-4F20-A4FE-73C3FB27F040} = {07E290C7-41EF-4F20-A4FE-73C3FB27F040}
		{420E5439-676E-4D10-A92E-982A0ACA62E2} = {420E5439-676E-4D10-A92E-982A0ACA62E2}
		{7B45578E-04E7-4336-BB5F-62EA1B64ECDA} = {7B45578E-04E7-4336-BB5F-62EA1B64ECDA}
		{84C22F88-62E1-49F5-A597-88584AC8AE0D} = {84C22F88-62E1-49F5-A597-88584AC8AE0D}
		{95358E96-C6C4-4CBC-98D2-9DED24CDB6F8} = {95358E96-C6C4-4CBC-98D2-9DED24CDB6F8}
		{BB92DB9E-7393-4A2E-95C0-C6006CBA2A5A} = {BB92DB9E-7393-4A2E-95C0-C6006CBA2A5A}
	EndProjectSection
EndProject
Global
	GlobalSection(SolutionConfigurationPlatforms) = preSolution
		Debug|Any CPU = Debug|Any CPU
		Release|Any CPU = Release|Any CPU
	EndGlobalSection
	GlobalSection(ProjectConfigurationPlatforms) = postSolution
		{8CA97D38-ECF8-4D97-AECE-AD44CD944730}.Debug|Any CPU.ActiveCfg = Debug|Any CPU
		{8CA97D38-ECF8-4D97-AECE-AD44CD944730}.Debug|Any CPU.Build.0 = Debug|Any CPU
		{8CA97D38-ECF8-4D97-AECE-AD44CD944730}.Release|Any CPU.ActiveCfg = Release|Any CPU
		{8CA97D38-ECF8-4D97-AECE-AD44CD944730}.Release|Any CPU.Build.0 = Release|Any CPU
		{84C22F88-62E1-49F5-A597-88584AC8AE0D}.Debug|Any CPU.ActiveCfg = Debug|Any CPU
		{84C22F88-62E1-49F5-A597-88584AC8AE0D}.Debug|Any CPU.Build.0 = Debug|Any CPU
		{84C22F88-62E1-49F5-A597-88584AC8AE0D}.Release|Any CPU.ActiveCfg = Release|Any CPU
		{84C22F88-62E1-49F5-A597-88584AC8AE0D}.Release|Any CPU.Build.0 = Release|Any CPU
		{07E290C7-41EF-4F20-A4FE-73C3FB27F040}.Debug|Any CPU.ActiveCfg = Debug|Any CPU
		{07E290C7-41EF-4F20-A4FE-73C3FB27F040}.Debug|Any CPU.Build.0 = Debug|Any CPU
		{07E290C7-41EF-4F20-A4FE-73C3FB27F040}.Release|Any CPU.ActiveCfg = Release|Any CPU
		{07E290C7-41EF-4F20-A4FE-73C3FB27F040}.Release|Any CPU.Build.0 = Release|Any CPU
		{95358E96-C6C4-4CBC-98D2-9DED24CDB6F8}.Debug|Any CPU.ActiveCfg = Debug|Any CPU
		{95358E96-C6C4-4CBC-98D2-9DED24CDB6F8}.Debug|Any CPU.Build.0 = Debug|Any CPU
		{95358E96-C6C4-4CBC-98D2-9DED24CDB6F8}.Release|Any CPU.ActiveCfg = Release|Any CPU
		{95358E96-C6C4-4CBC-98D2-9DED24CDB6F8}.Release|Any CPU.Build.0 = Release|Any CPU
		{BB92DB9E-7393-4A2E-95C0-C6006CBA2A5A}.Debug|Any CPU.ActiveCfg = Debug|Any CPU
		{BB92DB9E-7393-4A2E-95C0-C6006CBA2A5A}.Debug|Any CPU.Build.0 = Debug|Any CPU
		{BB92DB9E-7393-4A2E-95C0-C6006CBA2A5A}.Release|Any CPU.ActiveCfg = Release|Any CPU
		{BB92DB9E-7393-4A2E-95C0-C6006CBA2A5A}.Release|Any CPU.Build.0 = Release|Any CPU
		{420E5439-676E-4D10-A92E-982A0ACA62E2}.Debug|Any CPU.ActiveCfg = Debug|Any CPU
		{420E5439-676E-4D10-A92E-982A0ACA62E2}.Debug|Any CPU.Build.0 = Debug|Any CPU
		{420E5439-676E-4D10-A92E-982A0ACA62E2}.Release|Any CPU.ActiveCfg = Release|Any CPU
		{420E5439-676E-4D10-A92E-982A0ACA62E2}.Release|Any CPU.Build.0 = Release|Any CPU
		{7B45578E-04E7-4336-BB5F-62EA1B64ECDA}.Debug|Any CPU.ActiveCfg = Debug|Any CPU
		{7B45578E-04E7-4336-BB5F-62EA1B64ECDA}.Debug|Any CPU.Build.0 = Debug|Any CPU
		{7B45578E-04E7-4336-BB5F-62EA1B64ECDA}.Release|Any CPU.ActiveCfg = Release|Any CPU
		{7B45578E-04E7-4336-BB5F-62EA1B64ECDA}.Release|Any CPU.Build.0 = Release|Any CPU
		{AEA35B47-0356-47EA-A4F2-2056B0E2AA9A}.Debug|Any CPU.ActiveCfg = Debug|Any CPU
		{AEA35B47-0356-47EA-A4F2-2056B0E2AA9A}.Debug|Any CPU.Build.0 = Debug|Any CPU
		{AEA35B47-0356-47EA-A4F2-2056B0E2AA9A}.Release|Any CPU.ActiveCfg = Release|Any CPU
		{AEA35B47-0356-47EA-A4F2-2056B0E2AA9A}.Release|Any CPU.Build.0 = Release|Any CPU
		{E6D5225C-ED73-4275-B325-4C57536DAA84}.Debug|Any CPU.ActiveCfg = Debug|Any CPU
		{E6D5225C-ED73-4275-B325-4C57536DAA84}.Debug|Any CPU.Build.0 = Debug|Any CPU
		{E6D5225C-ED73-4275-B325-4C57536DAA84}.Release|Any CPU.ActiveCfg = Release|Any CPU
		{E6D5225C-ED73-4275-B325-4C57536DAA84}.Release|Any CPU.Build.0 = Release|Any CPU
	EndGlobalSection
	GlobalSection(SolutionProperties) = preSolution
		HideSolutionNode = FALSE
	EndGlobalSection
	GlobalSection(ExtensibilityGlobals) = postSolution
		SolutionGuid = {71BB4A68-7A24-4802-A05B-D89F7DC3523C}
	EndGlobalSection
EndGlobal
